<?xml version="1.0" encoding="utf-8"?>
<Project ToolsVersion="4.0" xmlns="http://schemas.microsoft.com/developer/msbuild/2003">
  <ItemGroup>
    <Filter Include="Исходные файлы">
      <UniqueIdentifier>{4FC737F1-C7A5-4376-A066-2A32D752A2FF}</UniqueIdentifier>
      <Extensions>cpp;c;cc;cxx;c++;cppm;ixx;def;odl;idl;hpj;bat;asm;asmx</Extensions>
    </Filter>
    <Filter Include="stuff">
      <UniqueIdentifier>{d23765ea-c6f7-403c-b59c-4b72cff1989d}</UniqueIdentifier>
    </Filter>
    <Filter Include="structs">
      <UniqueIdentifier>{93995380-89BD-4b04-88EB-625FBE52EBFB}</UniqueIdentifier>
      <Extensions>h;hh;hpp;hxx;h++;hm;inl;inc;ipp;xsd</Extensions>
    </Filter>
  </ItemGroup>
  <ItemGroup>
    <ClCompile Include="FigureBoard.cpp">
      <Filter>Исходные файлы</Filter>
    </ClCompile>
    <ClCompile Include="bot.cpp">
      <Filter>Исходные файлы</Filter>
    </ClCompile>
  </ItemGroup>
  <ItemGroup>
    <ClInclude Include="FigureBoard.h">
      <Filter>structs</Filter>
    </ClInclude>
    <ClInclude Include="structs\board_repr.hpp">
      <Filter>structs</Filter>
    </ClInclude>
    <ClInclude Include="structs\figure.hpp">
      <Filter>structs</Filter>
    </ClInclude>
    <ClInclude Include="structs\figure_fabric.hpp">
      <Filter>structs</Filter>
    </ClInclude>
    <ClInclude Include="structs\input.hpp">
      <Filter>structs</Filter>
    </ClInclude>
    <ClInclude Include="structs\move_logger.hpp">
      <Filter>structs</Filter>
    </ClInclude>
    <ClInclude Include="structs\pos.hpp">
      <Filter>structs</Filter>
    </ClInclude>
    <ClInclude Include="stuff\stuff.hpp">
      <Filter>stuff</Filter>
    </ClInclude>
    <ClInclude Include="bot.h">
      <Filter>Исходные файлы</Filter>
    </ClInclude>
    <ClInclude Include="stuff\cexau.h">
      <Filter>stuff</Filter>
    </ClInclude>
    <ClInclude Include="stuff\enums.hpp">
      <Filter>stuff</Filter>
    </ClInclude>
    <ClInclude Include="stuff\macro.h">
      <Filter>stuff</Filter>
    </ClInclude>
    <ClInclude Include="structs\move_message.hpp">
      <Filter>structs</Filter>
    </ClInclude>
    <ClInclude Include="stuff\strong_typedef.hpp">
      <Filter>stuff</Filter>
    </ClInclude>
    <ClInclude Include="structs\id.hpp">
      <Filter>structs</Filter>
    </ClInclude>
    <ClInclude Include="stuff\overload.h">
      <Filter>stuff</Filter>
    </ClInclude>
  </ItemGroup>
  <ItemGroup>
    <None Include="cpp.hint" />
  </ItemGroup>
</Project>