<?xml version="1.0" encoding="utf-8"?>
<Project ToolsVersion="4.0" xmlns="http://schemas.microsoft.com/developer/msbuild/2003">
  <ItemGroup>
    <Filter Include="bot">
      <UniqueIdentifier>{e3cda068-076c-47ed-98d8-34ec10718fb8}</UniqueIdentifier>
    </Filter>
    <Filter Include="structs">
      <UniqueIdentifier>{9fa5293f-c7b0-4a12-8af1-4fa36227c716}</UniqueIdentifier>
    </Filter>
    <Filter Include="stuff">
      <UniqueIdentifier>{fd24025b-b6af-4b83-98f8-fc569d5d7f0c}</UniqueIdentifier>
    </Filter>
    <Filter Include="src">
      <UniqueIdentifier>{395d5b68-586f-4f1f-aa7e-39f85853645b}</UniqueIdentifier>
    </Filter>
    <Filter Include="parse">
      <UniqueIdentifier>{aa5dc77e-1c0a-4d6e-b6ff-a582ccb4b224}</UniqueIdentifier>
    </Filter>
  </ItemGroup>
  <ItemGroup>
    <ClCompile Include="src\bot\bot.cpp">
      <Filter>bot</Filter>
    </ClCompile>
  </ItemGroup>
  <ItemGroup>
    <ClInclude Include="src\bot\bot.h">
      <Filter>bot</Filter>
    </ClInclude>
    <ClInclude Include="src\chess_game.hpp">
      <Filter>src</Filter>
    </ClInclude>
    <ClInclude Include="src\stuff\cexau.h">
      <Filter>stuff</Filter>
    </ClInclude>
    <ClInclude Include="src\stuff\enums.hpp">
      <Filter>stuff</Filter>
    </ClInclude>
    <ClInclude Include="src\stuff\macro.h">
      <Filter>stuff</Filter>
    </ClInclude>
    <ClInclude Include="src\stuff\strong_typedef.hpp">
      <Filter>stuff</Filter>
    </ClInclude>
    <ClInclude Include="src\stuff\stuff.hpp">
      <Filter>stuff</Filter>
    </ClInclude>
    <ClInclude Include="src\stuff\visit.hpp">
      <Filter>stuff</Filter>
    </ClInclude>
    <ClInclude Include="src\structs\board_repr.hpp">
      <Filter>structs</Filter>
    </ClInclude>
    <ClInclude Include="src\structs\figure.hpp">
      <Filter>structs</Filter>
    </ClInclude>
    <ClInclude Include="src\structs\figure_board.hpp">
      <Filter>structs</Filter>
    </ClInclude>
    <ClInclude Include="src\structs\figure_fabric.hpp">
      <Filter>structs</Filter>
    </ClInclude>
    <ClInclude Include="src\structs\id.hpp">
      <Filter>structs</Filter>
    </ClInclude>
    <ClInclude Include="src\structs\input.hpp">
      <Filter>structs</Filter>
    </ClInclude>
    <ClInclude Include="src\structs\move_logger.hpp">
      <Filter>structs</Filter>
    </ClInclude>
    <ClInclude Include="src\structs\move_message.hpp">
      <Filter>structs</Filter>
    </ClInclude>
    <ClInclude Include="src\structs\pos.hpp">
      <Filter>structs</Filter>
    </ClInclude>
    <ClInclude Include="src\parse\parse_error.hpp">
      <Filter>parse</Filter>
    </ClInclude>
    <ClInclude Include="src\parse\parse_meta.hpp">
      <Filter>parse</Filter>
    </ClInclude>
    <ClInclude Include="src\parse\parse_step.hpp">
      <Filter>parse</Filter>
    </ClInclude>
  </ItemGroup>
</Project>
