<?xml version="1.0" encoding="utf-8"?>
<Project ToolsVersion="4.0" xmlns="http://schemas.microsoft.com/developer/msbuild/2003">
  <ItemGroup>
    <Filter Include="icons">
      <UniqueIdentifier>{76b5483f-f3c3-4ac3-b43c-015d9cdbb594}</UniqueIdentifier>
    </Filter>
    <Filter Include="other images">
      <UniqueIdentifier>{12d77ce8-3848-49c3-9a67-834522f336b2}</UniqueIdentifier>
    </Filter>
    <Filter Include="pieces">
      <UniqueIdentifier>{ebbc46bc-f73c-417d-aa62-1066d38b2e2b}</UniqueIdentifier>
    </Filter>
    <Filter Include="wndproc">
      <UniqueIdentifier>{030068dc-d8c1-4772-91c6-7c4d72e6fd96}</UniqueIdentifier>
    </Filter>
    <Filter Include="src">
      <UniqueIdentifier>{26797f12-c5f0-4208-8558-c43d1af54d71}</UniqueIdentifier>
    </Filter>
    <Filter Include="winapi">
      <UniqueIdentifier>{9e4557aa-7130-406c-af3d-8ecda7536ea2}</UniqueIdentifier>
    </Filter>
  </ItemGroup>
  <ItemGroup>
    <Image Include="pieces\BR.bmp">
      <Filter>pieces</Filter>
    </Image>
    <Image Include="pieces\BQ.bmp">
      <Filter>pieces</Filter>
    </Image>
    <Image Include="pieces\BB.bmp">
      <Filter>pieces</Filter>
    </Image>
    <Image Include="pieces\BH.bmp">
      <Filter>pieces</Filter>
    </Image>
    <Image Include="pieces\BK.bmp">
      <Filter>pieces</Filter>
    </Image>
    <Image Include="pieces\BP.bmp">
      <Filter>pieces</Filter>
    </Image>
    <Image Include="pieces\WB.bmp">
      <Filter>pieces</Filter>
    </Image>
    <Image Include="pieces\WH.bmp">
      <Filter>pieces</Filter>
    </Image>
    <Image Include="pieces\WK.bmp">
      <Filter>pieces</Filter>
    </Image>
    <Image Include="pieces\WP.bmp">
      <Filter>pieces</Filter>
    </Image>
    <Image Include="pieces\WQ.bmp">
      <Filter>pieces</Filter>
    </Image>
    <Image Include="pieces\WR.bmp">
      <Filter>pieces</Filter>
    </Image>
    <Image Include="icons\game_mode_big.ico">
      <Filter>icons</Filter>
    </Image>
    <Image Include="icons\edit_mode.ico">
      <Filter>icons</Filter>
    </Image>
    <Image Include="icons\game_mode_small.ico">
      <Filter>icons</Filter>
    </Image>
    <Image Include="other_images\star.bmp">
      <Filter>other images</Filter>
    </Image>
    <Image Include="icons\figures_list.ico">
      <Filter>icons</Filter>
    </Image>
  </ItemGroup>
  <ItemGroup>
    <None Include="icons\Minimal.ani">
      <Filter>icons</Filter>
    </None>
    <None Include="Minimal.ani">
      <Filter>icons</Filter>
    </None>
  </ItemGroup>
  <ItemGroup>
    <ClCompile Include="src\wndproc\curr_choice_figures_list_wndproc.cpp">
      <Filter>wndproc</Filter>
    </ClCompile>
    <ClCompile Include="src\wndproc\curr_choice_wndproc.cpp">
      <Filter>wndproc</Filter>
    </ClCompile>
    <ClCompile Include="src\wndproc\figures_list_wndproc.cpp">
      <Filter>wndproc</Filter>
    </ClCompile>
    <ClCompile Include="src\wndproc\main_default_wndproc.cpp">
      <Filter>wndproc</Filter>
    </ClCompile>
    <ClCompile Include="src\wndproc\main_edit_state_wndproc.cpp">
      <Filter>wndproc</Filter>
    </ClCompile>
    <ClCompile Include="src\wndproc\main_game_state_wndproc.cpp">
      <Filter>wndproc</Filter>
    </ClCompile>
    <ClCompile Include="src\wndproc\moves_list_wndproc.cpp">
      <Filter>wndproc</Filter>
    </ClCompile>
    <ClCompile Include="src\funcs.cpp">
      <Filter>src</Filter>
    </ClCompile>
    <ClCompile Include="src\main.cpp">
      <Filter>src</Filter>
    </ClCompile>
  </ItemGroup>
  <ItemGroup>
    <ClInclude Include="src\create_window.hpp">
      <Filter>src</Filter>
    </ClInclude>
    <ClInclude Include="src\declarations.hpp">
      <Filter>src</Filter>
    </ClInclude>
    <ClInclude Include="src\winapi\framework.hpp">
      <Filter>winapi</Filter>
    </ClInclude>
    <ClInclude Include="src\winapi\resource.hpp">
      <Filter>winapi</Filter>
    </ClInclude>
    <ClInclude Include="src\winapi\targetver.hpp">
      <Filter>winapi</Filter>
    </ClInclude>
  </ItemGroup>
  <ItemGroup>
    <ResourceCompile Include="src\winapi\CHWiGrx.rc">
      <Filter>winapi</Filter>
    </ResourceCompile>
  </ItemGroup>
</Project>