<?xml version="1.0" encoding="utf-8"?>
<Project ToolsVersion="4.0" xmlns="http://schemas.microsoft.com/developer/msbuild/2003">
  <ItemGroup>
    <Filter Include="Исходные файлы">
      <UniqueIdentifier>{4FC737F1-C7A5-4376-A066-2A32D752A2FF}</UniqueIdentifier>
      <Extensions>cpp;c;cc;cxx;c++;cppm;ixx;def;odl;idl;hpj;bat;asm;asmx</Extensions>
    </Filter>
    <Filter Include="Файлы заголовков">
      <UniqueIdentifier>{93995380-89BD-4b04-88EB-625FBE52EBFB}</UniqueIdentifier>
      <Extensions>h;hh;hpp;hxx;h++;hm;inl;inc;ipp;xsd</Extensions>
    </Filter>
    <Filter Include="Файлы ресурсов">
      <UniqueIdentifier>{67DA6AB6-F800-4c08-8B7A-83BB121AAD01}</UniqueIdentifier>
      <Extensions>rc;ico;cur;bmp;dlg;rc2;rct;bin;rgs;gif;jpg;jpeg;jpe;resx;tiff;tif;png;wav;mfcribbon-ms</Extensions>
    </Filter>
    <Filter Include="Файлы ресурсов\pieces">
      <UniqueIdentifier>{ebbc46bc-f73c-417d-aa62-1066d38b2e2b}</UniqueIdentifier>
    </Filter>
    <Filter Include="callbacks">
      <UniqueIdentifier>{2b0ec98a-d535-4eca-9cab-ce312a5836ab}</UniqueIdentifier>
    </Filter>
    <Filter Include="Файлы ресурсов\icons">
      <UniqueIdentifier>{76b5483f-f3c3-4ac3-b43c-015d9cdbb594}</UniqueIdentifier>
    </Filter>
    <Filter Include="Файлы ресурсов\other_images">
      <UniqueIdentifier>{12d77ce8-3848-49c3-9a67-834522f336b2}</UniqueIdentifier>
    </Filter>
  </ItemGroup>
  <ItemGroup>
    <ClInclude Include="framework.hpp">
      <Filter>Файлы заголовков</Filter>
    </ClInclude>
    <ClInclude Include="targetver.hpp">
      <Filter>Файлы заголовков</Filter>
    </ClInclude>
    <ClInclude Include="resource.hpp">
      <Filter>Файлы заголовков</Filter>
    </ClInclude>
    <ClInclude Include="declarations.hpp">
      <Filter>Файлы заголовков</Filter>
    </ClInclude>
    <ClInclude Include="src\create_window.hpp">
      <Filter>Файлы заголовков</Filter>
    </ClInclude>
  </ItemGroup>
  <ItemGroup>
    <ClCompile Include="main.cpp">
      <Filter>Исходные файлы</Filter>
    </ClCompile>
    <ClCompile Include="funcs.cpp">
      <Filter>Исходные файлы</Filter>
    </ClCompile>
    <ClCompile Include="callbacks\main_default_wndproc.cpp">
      <Filter>callbacks</Filter>
    </ClCompile>
    <ClCompile Include="callbacks\curr_choice_figures_list_wndproc.cpp">
      <Filter>callbacks</Filter>
    </ClCompile>
    <ClCompile Include="callbacks\curr_choice_wndproc.cpp">
      <Filter>callbacks</Filter>
    </ClCompile>
    <ClCompile Include="callbacks\figures_list_wndproc.cpp">
      <Filter>callbacks</Filter>
    </ClCompile>
    <ClCompile Include="callbacks\main_edit_state_wndproc.cpp">
      <Filter>callbacks</Filter>
    </ClCompile>
    <ClCompile Include="callbacks\main_game_state_wndproc.cpp">
      <Filter>callbacks</Filter>
    </ClCompile>
    <ClCompile Include="callbacks\moves_list_wndproc.cpp">
      <Filter>callbacks</Filter>
    </ClCompile>
  </ItemGroup>
  <ItemGroup>
    <ResourceCompile Include="CHWiGrx.rc">
      <Filter>Файлы ресурсов</Filter>
    </ResourceCompile>
  </ItemGroup>
  <ItemGroup>
    <Image Include="pieces\BR.bmp">
      <Filter>Файлы ресурсов\pieces</Filter>
    </Image>
    <Image Include="pieces\BQ.bmp">
      <Filter>Файлы ресурсов\pieces</Filter>
    </Image>
    <Image Include="pieces\BB.bmp">
      <Filter>Файлы ресурсов\pieces</Filter>
    </Image>
    <Image Include="pieces\BH.bmp">
      <Filter>Файлы ресурсов\pieces</Filter>
    </Image>
    <Image Include="pieces\BK.bmp">
      <Filter>Файлы ресурсов\pieces</Filter>
    </Image>
    <Image Include="pieces\BP.bmp">
      <Filter>Файлы ресурсов\pieces</Filter>
    </Image>
    <Image Include="pieces\WB.bmp">
      <Filter>Файлы ресурсов\pieces</Filter>
    </Image>
    <Image Include="pieces\WH.bmp">
      <Filter>Файлы ресурсов\pieces</Filter>
    </Image>
    <Image Include="pieces\WK.bmp">
      <Filter>Файлы ресурсов\pieces</Filter>
    </Image>
    <Image Include="pieces\WP.bmp">
      <Filter>Файлы ресурсов\pieces</Filter>
    </Image>
    <Image Include="pieces\WQ.bmp">
      <Filter>Файлы ресурсов\pieces</Filter>
    </Image>
    <Image Include="pieces\WR.bmp">
      <Filter>Файлы ресурсов\pieces</Filter>
    </Image>
    <Image Include="icons\game_mode_big.ico">
      <Filter>Файлы ресурсов\icons</Filter>
    </Image>
    <Image Include="icons\edit_mode.ico">
      <Filter>Файлы ресурсов\icons</Filter>
    </Image>
    <Image Include="icons\game_mode_small.ico">
      <Filter>Файлы ресурсов\icons</Filter>
    </Image>
    <Image Include="icons\figures_list.ico">
      <Filter>Файлы ресурсов</Filter>
    </Image>
    <Image Include="other_images\star.bmp">
      <Filter>Файлы ресурсов\other_images</Filter>
    </Image>
  </ItemGroup>
  <ItemGroup>
    <None Include="Minimal.ani">
      <Filter>Файлы ресурсов</Filter>
    </None>
    <None Include="icons\Minimal.ani">
      <Filter>Файлы ресурсов\icons</Filter>
    </None>
  </ItemGroup>
</Project>